
Microsoft Visual Studio Solution File, Format Version 12.00
# Visual Studio Version 17
VisualStudioVersion = 17.8.34330.188
MinimumVisualStudioVersion = 17.0.31903.59
Project("{FAE04EC0-301F-11D3-BF4B-00C04F79EFBC}") = "WolfClone.FirstPerson", "WolfClone.FirstPerson\WolfClone.FirstPerson.csproj", "{12055D09-4CD0-44D7-804D-D347EBA27512}"
EndProject
Global
	GlobalSection(SolutionConfigurationPlatforms) = preSolution
		Debug|Any CPU = Debug|Any CPU
		Release|Any CPU = Release|Any CPU
	EndGlobalSection
	GlobalSection(ProjectConfigurationPlatforms) = postSolution
		{12055D09-4CD0-44D7-804D-D347EBA27512}.Debug|Any CPU.ActiveCfg = Debug|Any CPU
		{12055D09-4CD0-44D7-804D-D347EBA27512}.Debug|Any CPU.Build.0 = Debug|Any CPU
		{12055D09-4CD0-44D7-804D-D347EBA27512}.Release|Any CPU.ActiveCfg = Release|Any CPU
		{12055D09-4CD0-44D7-804D-D347EBA27512}.Release|Any CPU.Build.0 = Release|Any CPU
	EndGlobalSection
	GlobalSection(SolutionProperties) = preSolution
		HideSolutionNode = FALSE
	EndGlobalSection
	GlobalSection(ExtensibilityGlobals) = postSolution
		SolutionGuid = {291F8A73-85EC-41EC-ABC4-B53A58F98E52}
	EndGlobalSection
EndGlobal
